
Microsoft Visual Studio Solution File, Format Version 12.00
# Visual Studio Version 17
VisualStudioVersion = 17.6.33801.468
MinimumVisualStudioVersion = 10.0.40219.1
Project("{FAE04EC0-301F-11D3-BF4B-00C04F79EFBC}") = "Practikod3", "Practikod3\Practikod3.csproj", "{9D9FCA24-C7DF-4942-A884-EAFAF4360BB1}"
EndProject
Project("{FAE04EC0-301F-11D3-BF4B-00C04F79EFBC}") = "Service", "Service\Service.csproj", "{F6FA79B4-A5BD-4667-970B-5F453F311A45}"
EndProject
Project("{FAE04EC0-301F-11D3-BF4B-00C04F79EFBC}") = "GitHubApi", "GitHubApi\GitHubApi.csproj", "{0ABDC1E6-D327-4149-8A1B-894822C4CFFA}"
EndProject
Global
	GlobalSection(SolutionConfigurationPlatforms) = preSolution
		Debug|Any CPU = Debug|Any CPU
		Release|Any CPU = Release|Any CPU
	EndGlobalSection
	GlobalSection(ProjectConfigurationPlatforms) = postSolution
		{9D9FCA24-C7DF-4942-A884-EAFAF4360BB1}.Debug|Any CPU.ActiveCfg = Debug|Any CPU
		{9D9FCA24-C7DF-4942-A884-EAFAF4360BB1}.Debug|Any CPU.Build.0 = Debug|Any CPU
		{9D9FCA24-C7DF-4942-A884-EAFAF4360BB1}.Release|Any CPU.ActiveCfg = Release|Any CPU
		{9D9FCA24-C7DF-4942-A884-EAFAF4360BB1}.Release|Any CPU.Build.0 = Release|Any CPU
		{F6FA79B4-A5BD-4667-970B-5F453F311A45}.Debug|Any CPU.ActiveCfg = Debug|Any CPU
		{F6FA79B4-A5BD-4667-970B-5F453F311A45}.Debug|Any CPU.Build.0 = Debug|Any CPU
		{F6FA79B4-A5BD-4667-970B-5F453F311A45}.Release|Any CPU.ActiveCfg = Release|Any CPU
		{F6FA79B4-A5BD-4667-970B-5F453F311A45}.Release|Any CPU.Build.0 = Release|Any CPU
		{0ABDC1E6-D327-4149-8A1B-894822C4CFFA}.Debug|Any CPU.ActiveCfg = Debug|Any CPU
		{0ABDC1E6-D327-4149-8A1B-894822C4CFFA}.Debug|Any CPU.Build.0 = Debug|Any CPU
		{0ABDC1E6-D327-4149-8A1B-894822C4CFFA}.Release|Any CPU.ActiveCfg = Release|Any CPU
		{0ABDC1E6-D327-4149-8A1B-894822C4CFFA}.Release|Any CPU.Build.0 = Release|Any CPU
	EndGlobalSection
	GlobalSection(SolutionProperties) = preSolution
		HideSolutionNode = FALSE
	EndGlobalSection
	GlobalSection(ExtensibilityGlobals) = postSolution
		SolutionGuid = {B7E05178-F112-4924-A0B3-8B3D36601277}
	EndGlobalSection
EndGlobal
